
Microsoft Visual Studio Solution File, Format Version 12.00
# Visual Studio Version 17
VisualStudioVersion = 17.8.34330.188
MinimumVisualStudioVersion = 10.0.40219.1
Project("{8BC9CEB8-8B4A-11D0-8D11-00A0C91BC942}") = "lab8", "lab8\lab8.vcxproj", "{DB36B6F5-0A93-492F-9D0D-E832DB808603}"
EndProject
Global
	GlobalSection(SolutionConfigurationPlatforms) = preSolution
		Debug|x64 = Debug|x64
		Debug|x86 = Debug|x86
		Release|x64 = Release|x64
		Release|x86 = Release|x86
	EndGlobalSection
	GlobalSection(ProjectConfigurationPlatforms) = postSolution
		{DB36B6F5-0A93-492F-9D0D-E832DB808603}.Debug|x64.ActiveCfg = Debug|x64
		{DB36B6F5-0A93-492F-9D0D-E832DB808603}.Debug|x64.Build.0 = Debug|x64
		{DB36B6F5-0A93-492F-9D0D-E832DB808603}.Debug|x86.ActiveCfg = Debug|Win32
		{DB36B6F5-0A93-492F-9D0D-E832DB808603}.Debug|x86.Build.0 = Debug|Win32
		{DB36B6F5-0A93-492F-9D0D-E832DB808603}.Release|x64.ActiveCfg = Release|x64
		{DB36B6F5-0A93-492F-9D0D-E832DB808603}.Release|x64.Build.0 = Release|x64
		{DB36B6F5-0A93-492F-9D0D-E832DB808603}.Release|x86.ActiveCfg = Release|Win32
		{DB36B6F5-0A93-492F-9D0D-E832DB808603}.Release|x86.Build.0 = Release|Win32
	EndGlobalSection
	GlobalSection(SolutionProperties) = preSolution
		HideSolutionNode = FALSE
	EndGlobalSection
	GlobalSection(ExtensibilityGlobals) = postSolution
		SolutionGuid = {BFAC5CDD-0986-4167-AD8A-ABDD4878FE33}
	EndGlobalSection
EndGlobal
